// !$*UTF8*$!
{
	archiveVersion = 1;
	classes = {
	};
	objectVersion = 77;
	objects = {

/* Begin PBXBuildFile section */
		BE0AE51E2DF32D070023894B /* tap-fast Watch App.app in Embed Watch Content */ = {isa = PBXBuildFile; fileRef = BE0AE51D2DF32D070023894B /* tap-fast Watch App.app */; settings = {ATTRIBUTES = (RemoveHeadersOnCopy, ); }; };
/* End PBXBuildFile section */

/* Begin PBXContainerItemProxy section */
		BE0AE51F2DF32D070023894B /* PBXContainerItemProxy */ = {
			isa = PBXContainerItemProxy;
			containerPortal = BE0AE5112DF32D070023894B /* Project object */;
			proxyType = 1;
			remoteGlobalIDString = BE0AE51C2DF32D070023894B;
			remoteInfo = "tap-fast Watch App";
		};
		BE0AE52D2DF32D090023894B /* PBXContainerItemProxy */ = {
			isa = PBXContainerItemProxy;
			containerPortal = BE0AE5112DF32D070023894B /* Project object */;
			proxyType = 1;
			remoteGlobalIDString = BE0AE51C2DF32D070023894B;
			remoteInfo = "tap-fast Watch App";
		};
		BE0AE5372DF32D090023894B /* PBXContainerItemProxy */ = {
			isa = PBXContainerItemProxy;
			containerPortal = BE0AE5112DF32D070023894B /* Project object */;
			proxyType = 1;
			remoteGlobalIDString = BE0AE51C2DF32D070023894B;
			remoteInfo = "tap-fast Watch App";
		};
/* End PBXContainerItemProxy section */

/* Begin PBXCopyFilesBuildPhase section */
		BE0AE5432DF32D090023894B /* Embed Watch Content */ = {
			isa = PBXCopyFilesBuildPhase;
			buildActionMask = 2147483647;
			dstPath = "$(CONTENTS_FOLDER_PATH)/Watch";
			dstSubfolderSpec = 16;
			files = (
				BE0AE51E2DF32D070023894B /* tap-fast Watch App.app in Embed Watch Content */,
			);
			name = "Embed Watch Content";
			runOnlyForDeploymentPostprocessing = 0;
		};
/* End PBXCopyFilesBuildPhase section */

/* Begin PBXFileReference section */
		BE0AE5172DF32D070023894B /* tap-fast.app */ = {isa = PBXFileReference; explicitFileType = wrapper.application; includeInIndex = 0; path = "tap-fast.app"; sourceTree = BUILT_PRODUCTS_DIR; };
		BE0AE51D2DF32D070023894B /* tap-fast Watch App.app */ = {isa = PBXFileReference; explicitFileType = wrapper.application; includeInIndex = 0; path = "tap-fast Watch App.app"; sourceTree = BUILT_PRODUCTS_DIR; };
		BE0AE52C2DF32D090023894B /* tap-fast Watch AppTests.xctest */ = {isa = PBXFileReference; explicitFileType = wrapper.cfbundle; includeInIndex = 0; path = "tap-fast Watch AppTests.xctest"; sourceTree = BUILT_PRODUCTS_DIR; };
		BE0AE5362DF32D090023894B /* tap-fast Watch AppUITests.xctest */ = {isa = PBXFileReference; explicitFileType = wrapper.cfbundle; includeInIndex = 0; path = "tap-fast Watch AppUITests.xctest"; sourceTree = BUILT_PRODUCTS_DIR; };
/* End PBXFileReference section */

/* Begin PBXFileSystemSynchronizedRootGroup section */
		BE0AE5212DF32D070023894B /* tap-fast Watch App */ = {
			isa = PBXFileSystemSynchronizedRootGroup;
			path = "tap-fast Watch App";
			sourceTree = "<group>";
		};
		BE0AE52F2DF32D090023894B /* tap-fast Watch AppTests */ = {
			isa = PBXFileSystemSynchronizedRootGroup;
			path = "tap-fast Watch AppTests";
			sourceTree = "<group>";
		};
		BE0AE5392DF32D090023894B /* tap-fast Watch AppUITests */ = {
			isa = PBXFileSystemSynchronizedRootGroup;
			path = "tap-fast Watch AppUITests";
			sourceTree = "<group>";
		};
/* End PBXFileSystemSynchronizedRootGroup section */

/* Begin PBXFrameworksBuildPhase section */
		BE0AE51A2DF32D070023894B /* Frameworks */ = {
			isa = PBXFrameworksBuildPhase;
			buildActionMask = 2147483647;
			files = (
			);
			runOnlyForDeploymentPostprocessing = 0;
		};
		BE0AE5292DF32D090023894B /* Frameworks */ = {
			isa = PBXFrameworksBuildPhase;
			buildActionMask = 2147483647;
			files = (
			);
			runOnlyForDeploymentPostprocessing = 0;
		};
		BE0AE5332DF32D090023894B /* Frameworks */ = {
			isa = PBXFrameworksBuildPhase;
			buildActionMask = 2147483647;
			files = (
			);
			runOnlyForDeploymentPostprocessing = 0;
		};
/* End PBXFrameworksBuildPhase section */

/* Begin PBXGroup section */
		BE0AE5102DF32D070023894B = {
			isa = PBXGroup;
			children = (
				BE0AE5212DF32D070023894B /* tap-fast Watch App */,
				BE0AE52F2DF32D090023894B /* tap-fast Watch AppTests */,
				BE0AE5392DF32D090023894B /* tap-fast Watch AppUITests */,
				BE0AE5182DF32D070023894B /* Products */,
			);
			sourceTree = "<group>";
		};
		BE0AE5182DF32D070023894B /* Products */ = {
			isa = PBXGroup;
			children = (
				BE0AE5172DF32D070023894B /* tap-fast.app */,
				BE0AE51D2DF32D070023894B /* tap-fast Watch App.app */,
				BE0AE52C2DF32D090023894B /* tap-fast Watch AppTests.xctest */,
				BE0AE5362DF32D090023894B /* tap-fast Watch AppUITests.xctest */,
			);
			name = Products;
			sourceTree = "<group>";
		};
/* End PBXGroup section */

/* Begin PBXNativeTarget section */
		BE0AE5162DF32D070023894B /* tap-fast */ = {
			isa = PBXNativeTarget;
			buildConfigurationList = BE0AE5442DF32D090023894B /* Build configuration list for PBXNativeTarget "tap-fast" */;
			buildPhases = (
				BE0AE5152DF32D070023894B /* Resources */,
				BE0AE5432DF32D090023894B /* Embed Watch Content */,
			);
			buildRules = (
			);
			dependencies = (
				BE0AE5202DF32D070023894B /* PBXTargetDependency */,
			);
			name = "tap-fast";
			packageProductDependencies = (
			);
			productName = "tap-fast";
			productReference = BE0AE5172DF32D070023894B /* tap-fast.app */;
			productType = "com.apple.product-type.application.watchapp2-container";
		};
		BE0AE51C2DF32D070023894B /* tap-fast Watch App */ = {
			isa = PBXNativeTarget;
			buildConfigurationList = BE0AE5402DF32D090023894B /* Build configuration list for PBXNativeTarget "tap-fast Watch App" */;
			buildPhases = (
				BE0AE5192DF32D070023894B /* Sources */,
				BE0AE51A2DF32D070023894B /* Frameworks */,
				BE0AE51B2DF32D070023894B /* Resources */,
			);
			buildRules = (
			);
			dependencies = (
			);
			fileSystemSynchronizedGroups = (
				BE0AE5212DF32D070023894B /* tap-fast Watch App */,
			);
			name = "tap-fast Watch App";
			packageProductDependencies = (
			);
			productName = "tap-fast Watch App";
			productReference = BE0AE51D2DF32D070023894B /* tap-fast Watch App.app */;
			productType = "com.apple.product-type.application";
		};
		BE0AE52B2DF32D090023894B /* tap-fast Watch AppTests */ = {
			isa = PBXNativeTarget;
			buildConfigurationList = BE0AE5472DF32D090023894B /* Build configuration list for PBXNativeTarget "tap-fast Watch AppTests" */;
			buildPhases = (
				BE0AE5282DF32D090023894B /* Sources */,
				BE0AE5292DF32D090023894B /* Frameworks */,
				BE0AE52A2DF32D090023894B /* Resources */,
			);
			buildRules = (
			);
			dependencies = (
				BE0AE52E2DF32D090023894B /* PBXTargetDependency */,
			);
			fileSystemSynchronizedGroups = (
				BE0AE52F2DF32D090023894B /* tap-fast Watch AppTests */,
			);
			name = "tap-fast Watch AppTests";
			packageProductDependencies = (
			);
			productName = "tap-fast Watch AppTests";
			productReference = BE0AE52C2DF32D090023894B /* tap-fast Watch AppTests.xctest */;
			productType = "com.apple.product-type.bundle.unit-test";
		};
		BE0AE5352DF32D090023894B /* tap-fast Watch AppUITests */ = {
			isa = PBXNativeTarget;
			buildConfigurationList = BE0AE54A2DF32D090023894B /* Build configuration list for PBXNativeTarget "tap-fast Watch AppUITests" */;
			buildPhases = (
				BE0AE5322DF32D090023894B /* Sources */,
				BE0AE5332DF32D090023894B /* Frameworks */,
				BE0AE5342DF32D090023894B /* Resources */,
			);
			buildRules = (
			);
			dependencies = (
				BE0AE5382DF32D090023894B /* PBXTargetDependency */,
			);
			fileSystemSynchronizedGroups = (
				BE0AE5392DF32D090023894B /* tap-fast Watch AppUITests */,
			);
			name = "tap-fast Watch AppUITests";
			packageProductDependencies = (
			);
			productName = "tap-fast Watch AppUITests";
			productReference = BE0AE5362DF32D090023894B /* tap-fast Watch AppUITests.xctest */;
			productType = "com.apple.product-type.bundle.ui-testing";
		};
/* End PBXNativeTarget section */

/* Begin PBXProject section */
		BE0AE5112DF32D070023894B /* Project object */ = {
			isa = PBXProject;
			attributes = {
				BuildIndependentTargetsInParallel = 1;
				LastSwiftUpdateCheck = 1640;
				LastUpgradeCheck = 1640;
				TargetAttributes = {
					BE0AE5162DF32D070023894B = {
						CreatedOnToolsVersion = 16.4;
					};
					BE0AE51C2DF32D070023894B = {
						CreatedOnToolsVersion = 16.4;
					};
					BE0AE52B2DF32D090023894B = {
						CreatedOnToolsVersion = 16.4;
						TestTargetID = BE0AE51C2DF32D070023894B;
					};
					BE0AE5352DF32D090023894B = {
						CreatedOnToolsVersion = 16.4;
						TestTargetID = BE0AE51C2DF32D070023894B;
					};
				};
			};
			buildConfigurationList = BE0AE5142DF32D070023894B /* Build configuration list for PBXProject "tap-fast" */;
			developmentRegion = en;
			hasScannedForEncodings = 0;
			knownRegions = (
				en,
				Base,
			);
			mainGroup = BE0AE5102DF32D070023894B;
			minimizedProjectReferenceProxies = 1;
			preferredProjectObjectVersion = 77;
			productRefGroup = BE0AE5182DF32D070023894B /* Products */;
			projectDirPath = "";
			projectRoot = "";
			targets = (
				BE0AE5162DF32D070023894B /* tap-fast */,
				BE0AE51C2DF32D070023894B /* tap-fast Watch App */,
				BE0AE52B2DF32D090023894B /* tap-fast Watch AppTests */,
				BE0AE5352DF32D090023894B /* tap-fast Watch AppUITests */,
			);
		};
/* End PBXProject section */

/* Begin PBXResourcesBuildPhase section */
		BE0AE5152DF32D070023894B /* Resources */ = {
			isa = PBXResourcesBuildPhase;
			buildActionMask = 2147483647;
			files = (
			);
			runOnlyForDeploymentPostprocessing = 0;
		};
		BE0AE51B2DF32D070023894B /* Resources */ = {
			isa = PBXResourcesBuildPhase;
			buildActionMask = 2147483647;
			files = (
			);
			runOnlyForDeploymentPostprocessing = 0;
		};
		BE0AE52A2DF32D090023894B /* Resources */ = {
			isa = PBXResourcesBuildPhase;
			buildActionMask = 2147483647;
			files = (
			);
			runOnlyForDeploymentPostprocessing = 0;
		};
		BE0AE5342DF32D090023894B /* Resources */ = {
			isa = PBXResourcesBuildPhase;
			buildActionMask = 2147483647;
			files = (
			);
			runOnlyForDeploymentPostprocessing = 0;
		};
/* End PBXResourcesBuildPhase section */

/* Begin PBXSourcesBuildPhase section */
		BE0AE5192DF32D070023894B /* Sources */ = {
			isa = PBXSourcesBuildPhase;
			buildActionMask = 2147483647;
			files = (
			);
			runOnlyForDeploymentPostprocessing = 0;
		};
		BE0AE5282DF32D090023894B /* Sources */ = {
			isa = PBXSourcesBuildPhase;
			buildActionMask = 2147483647;
			files = (
			);
			runOnlyForDeploymentPostprocessing = 0;
		};
		BE0AE5322DF32D090023894B /* Sources */ = {
			isa = PBXSourcesBuildPhase;
			buildActionMask = 2147483647;
			files = (
			);
			runOnlyForDeploymentPostprocessing = 0;
		};
/* End PBXSourcesBuildPhase section */

/* Begin PBXTargetDependency section */
		BE0AE5202DF32D070023894B /* PBXTargetDependency */ = {
			isa = PBXTargetDependency;
			target = BE0AE51C2DF32D070023894B /* tap-fast Watch App */;
			targetProxy = BE0AE51F2DF32D070023894B /* PBXContainerItemProxy */;
		};
		BE0AE52E2DF32D090023894B /* PBXTargetDependency */ = {
			isa = PBXTargetDependency;
			target = BE0AE51C2DF32D070023894B /* tap-fast Watch App */;
			targetProxy = BE0AE52D2DF32D090023894B /* PBXContainerItemProxy */;
		};
		BE0AE5382DF32D090023894B /* PBXTargetDependency */ = {
			isa = PBXTargetDependency;
			target = BE0AE51C2DF32D070023894B /* tap-fast Watch App */;
			targetProxy = BE0AE5372DF32D090023894B /* PBXContainerItemProxy */;
		};
/* End PBXTargetDependency section */

/* Begin XCBuildConfiguration section */
		BE0AE53E2DF32D090023894B /* Debug */ = {
			isa = XCBuildConfiguration;
			buildSettings = {
				ALWAYS_SEARCH_USER_PATHS = NO;
				ASSETCATALOG_COMPILER_GENERATE_SWIFT_ASSET_SYMBOL_EXTENSIONS = YES;
				CLANG_ANALYZER_NONNULL = YES;
				CLANG_ANALYZER_NUMBER_OBJECT_CONVERSION = YES_AGGRESSIVE;
				CLANG_CXX_LANGUAGE_STANDARD = "gnu++20";
				CLANG_ENABLE_MODULES = YES;
				CLANG_ENABLE_OBJC_ARC = YES;
				CLANG_ENABLE_OBJC_WEAK = YES;
				CLANG_WARN_BLOCK_CAPTURE_AUTORELEASING = YES;
				CLANG_WARN_BOOL_CONVERSION = YES;
				CLANG_WARN_COMMA = YES;
				CLANG_WARN_CONSTANT_CONVERSION = YES;
				CLANG_WARN_DEPRECATED_OBJC_IMPLEMENTATIONS = YES;
				CLANG_WARN_DIRECT_OBJC_ISA_USAGE = YES_ERROR;
				CLANG_WARN_DOCUMENTATION_COMMENTS = YES;
				CLANG_WARN_EMPTY_BODY = YES;
				CLANG_WARN_ENUM_CONVERSION = YES;
				CLANG_WARN_INFINITE_RECURSION = YES;
				CLANG_WARN_INT_CONVERSION = YES;
				CLANG_WARN_NON_LITERAL_NULL_CONVERSION = YES;
				CLANG_WARN_OBJC_IMPLICIT_RETAIN_SELF = YES;
				CLANG_WARN_OBJC_LITERAL_CONVERSION = YES;
				CLANG_WARN_OBJC_ROOT_CLASS = YES_ERROR;
				CLANG_WARN_QUOTED_INCLUDE_IN_FRAMEWORK_HEADER = YES;
				CLANG_WARN_RANGE_LOOP_ANALYSIS = YES;
				CLANG_WARN_STRICT_PROTOTYPES = YES;
				CLANG_WARN_SUSPICIOUS_MOVE = YES;
				CLANG_WARN_UNGUARDED_AVAILABILITY = YES_AGGRESSIVE;
				CLANG_WARN_UNREACHABLE_CODE = YES;
				CLANG_WARN__DUPLICATE_METHOD_MATCH = YES;
				COPY_PHASE_STRIP = NO;
				DEBUG_INFORMATION_FORMAT = dwarf;
				DEVELOPMENT_TEAM = YFDRTDAJD5;
				ENABLE_STRICT_OBJC_MSGSEND = YES;
				ENABLE_TESTABILITY = YES;
				ENABLE_USER_SCRIPT_SANDBOXING = YES;
				GCC_C_LANGUAGE_STANDARD = gnu17;
				GCC_DYNAMIC_NO_PIC = NO;
				GCC_NO_COMMON_BLOCKS = YES;
				GCC_OPTIMIZATION_LEVEL = 0;
				GCC_PREPROCESSOR_DEFINITIONS = (
					"DEBUG=1",
					"$(inherited)",
				);
				GCC_WARN_64_TO_32_BIT_CONVERSION = YES;
				GCC_WARN_ABOUT_RETURN_TYPE = YES_ERROR;
				GCC_WARN_UNDECLARED_SELECTOR = YES;
				GCC_WARN_UNINITIALIZED_AUTOS = YES_AGGRESSIVE;
				GCC_WARN_UNUSED_FUNCTION = YES;
				GCC_WARN_UNUSED_VARIABLE = YES;
				LOCALIZATION_PREFERS_STRING_CATALOGS = YES;
				MTL_ENABLE_DEBUG_INFO = INCLUDE_SOURCE;
				MTL_FAST_MATH = YES;
				ONLY_ACTIVE_ARCH = YES;
				SWIFT_ACTIVE_COMPILATION_CONDITIONS = "DEBUG $(inherited)";
				SWIFT_OPTIMIZATION_LEVEL = "-Onone";
			};
			name = Debug;
		};
		BE0AE53F2DF32D090023894B /* Release */ = {
			isa = XCBuildConfiguration;
			buildSettings = {
				ALWAYS_SEARCH_USER_PATHS = NO;
				ASSETCATALOG_COMPILER_GENERATE_SWIFT_ASSET_SYMBOL_EXTENSIONS = YES;
				CLANG_ANALYZER_NONNULL = YES;
				CLANG_ANALYZER_NUMBER_OBJECT_CONVERSION = YES_AGGRESSIVE;
				CLANG_CXX_LANGUAGE_STANDARD = "gnu++20";
				CLANG_ENABLE_MODULES = YES;
				CLANG_ENABLE_OBJC_ARC = YES;
				CLANG_ENABLE_OBJC_WEAK = YES;
				CLANG_WARN_BLOCK_CAPTURE_AUTORELEASING = YES;
				CLANG_WARN_BOOL_CONVERSION = YES;
				CLANG_WARN_COMMA = YES;
				CLANG_WARN_CONSTANT_CONVERSION = YES;
				CLANG_WARN_DEPRECATED_OBJC_IMPLEMENTATIONS = YES;
				CLANG_WARN_DIRECT_OBJC_ISA_USAGE = YES_ERROR;
				CLANG_WARN_DOCUMENTATION_COMMENTS = YES;
				CLANG_WARN_EMPTY_BODY = YES;
				CLANG_WARN_ENUM_CONVERSION = YES;
				CLANG_WARN_INFINITE_RECURSION = YES;
				CLANG_WARN_INT_CONVERSION = YES;
				CLANG_WARN_NON_LITERAL_NULL_CONVERSION = YES;
				CLANG_WARN_OBJC_IMPLICIT_RETAIN_SELF = YES;
				CLANG_WARN_OBJC_LITERAL_CONVERSION = YES;
				CLANG_WARN_OBJC_ROOT_CLASS = YES_ERROR;
				CLANG_WARN_QUOTED_INCLUDE_IN_FRAMEWORK_HEADER = YES;
				CLANG_WARN_RANGE_LOOP_ANALYSIS = YES;
				CLANG_WARN_STRICT_PROTOTYPES = YES;
				CLANG_WARN_SUSPICIOUS_MOVE = YES;
				CLANG_WARN_UNGUARDED_AVAILABILITY = YES_AGGRESSIVE;
				CLANG_WARN_UNREACHABLE_CODE = YES;
				CLANG_WARN__DUPLICATE_METHOD_MATCH = YES;
				COPY_PHASE_STRIP = NO;
				DEBUG_INFORMATION_FORMAT = "dwarf-with-dsym";
				DEVELOPMENT_TEAM = YFDRTDAJD5;
				ENABLE_NS_ASSERTIONS = NO;
				ENABLE_STRICT_OBJC_MSGSEND = YES;
				ENABLE_USER_SCRIPT_SANDBOXING = YES;
				GCC_C_LANGUAGE_STANDARD = gnu17;
				GCC_NO_COMMON_BLOCKS = YES;
				GCC_WARN_64_TO_32_BIT_CONVERSION = YES;
				GCC_WARN_ABOUT_RETURN_TYPE = YES_ERROR;
				GCC_WARN_UNDECLARED_SELECTOR = YES;
				GCC_WARN_UNINITIALIZED_AUTOS = YES_AGGRESSIVE;
				GCC_WARN_UNUSED_FUNCTION = YES;
				GCC_WARN_UNUSED_VARIABLE = YES;
				LOCALIZATION_PREFERS_STRING_CATALOGS = YES;
				MTL_ENABLE_DEBUG_INFO = NO;
				MTL_FAST_MATH = YES;
				SWIFT_COMPILATION_MODE = wholemodule;
			};
			name = Release;
		};
		BE0AE5412DF32D090023894B /* Debug */ = {
			isa = XCBuildConfiguration;
			buildSettings = {
				ASSETCATALOG_COMPILER_APPICON_NAME = AppIcon;
				ASSETCATALOG_COMPILER_GLOBAL_ACCENT_COLOR_NAME = AccentColor;
				CODE_SIGN_STYLE = Automatic;
				CURRENT_PROJECT_VERSION = 1;
				DEVELOPMENT_TEAM = YFDRTDAJD5;
				ENABLE_PREVIEWS = YES;
				GENERATE_INFOPLIST_FILE = YES;
				INFOPLIST_KEY_CFBundleDisplayName = "tap-fast";
				INFOPLIST_KEY_UISupportedInterfaceOrientations = "UIInterfaceOrientationPortrait UIInterfaceOrientationPortraitUpsideDown";
				INFOPLIST_KEY_WKWatchOnly = YES;
				LD_RUNPATH_SEARCH_PATHS = (
					"$(inherited)",
					"@executable_path/Frameworks",
				);
				MARKETING_VERSION = 1.0;
				PRODUCT_BUNDLE_IDENTIFIER = "syna.tap-fast.watchkitapp";
				PRODUCT_NAME = "$(TARGET_NAME)";
				SDKROOT = watchos;
				SKIP_INSTALL = YES;
				SWIFT_EMIT_LOC_STRINGS = YES;
				SWIFT_VERSION = 5.0;
				TARGETED_DEVICE_FAMILY = 4;
				WATCHOS_DEPLOYMENT_TARGET = 11.5;
			};
			name = Debug;
		};
		BE0AE5422DF32D090023894B /* Release */ = {
			isa = XCBuildConfiguration;
			buildSettings = {
				ASSETCATALOG_COMPILER_APPICON_NAME = AppIcon;
				ASSETCATALOG_COMPILER_GLOBAL_ACCENT_COLOR_NAME = AccentColor;
				CODE_SIGN_STYLE = Automatic;
				CURRENT_PROJECT_VERSION = 1;
				DEVELOPMENT_TEAM = YFDRTDAJD5;
				ENABLE_PREVIEWS = YES;
				GENERATE_INFOPLIST_FILE = YES;
				INFOPLIST_KEY_CFBundleDisplayName = "tap-fast";
				INFOPLIST_KEY_UISupportedInterfaceOrientations = "UIInterfaceOrientationPortrait UIInterfaceOrientationPortraitUpsideDown";
				INFOPLIST_KEY_WKWatchOnly = YES;
				LD_RUNPATH_SEARCH_PATHS = (
					"$(inherited)",
					"@executable_path/Frameworks",
				);
				MARKETING_VERSION = 1.0;
				PRODUCT_BUNDLE_IDENTIFIER = "syna.tap-fast.watchkitapp";
				PRODUCT_NAME = "$(TARGET_NAME)";
				SDKROOT = watchos;
				SKIP_INSTALL = YES;
				SWIFT_EMIT_LOC_STRINGS = YES;
				SWIFT_VERSION = 5.0;
				TARGETED_DEVICE_FAMILY = 4;
				VALIDATE_PRODUCT = YES;
				WATCHOS_DEPLOYMENT_TARGET = 11.5;
			};
			name = Release;
		};
		BE0AE5452DF32D090023894B /* Debug */ = {
			isa = XCBuildConfiguration;
			buildSettings = {
				CODE_SIGN_STYLE = Automatic;
				CURRENT_PROJECT_VERSION = 1;
				DEVELOPMENT_TEAM = YFDRTDAJD5;
				INFOPLIST_KEY_CFBundleDisplayName = "tap-fast";
				MARKETING_VERSION = 1.0;
				PRODUCT_BUNDLE_IDENTIFIER = "syna.tap-fast";
				PRODUCT_NAME = "$(TARGET_NAME)";
				SDKROOT = iphoneos;
				SWIFT_VERSION = 5.0;
			};
			name = Debug;
		};
		BE0AE5462DF32D090023894B /* Release */ = {
			isa = XCBuildConfiguration;
			buildSettings = {
				CODE_SIGN_STYLE = Automatic;
				CURRENT_PROJECT_VERSION = 1;
				DEVELOPMENT_TEAM = YFDRTDAJD5;
				INFOPLIST_KEY_CFBundleDisplayName = "tap-fast";
				MARKETING_VERSION = 1.0;
				PRODUCT_BUNDLE_IDENTIFIER = "syna.tap-fast";
				PRODUCT_NAME = "$(TARGET_NAME)";
				SDKROOT = iphoneos;
				SWIFT_VERSION = 5.0;
				VALIDATE_PRODUCT = YES;
			};
			name = Release;
		};
		BE0AE5482DF32D090023894B /* Debug */ = {
			isa = XCBuildConfiguration;
			buildSettings = {
				BUNDLE_LOADER = "$(TEST_HOST)";
				CODE_SIGN_STYLE = Automatic;
				CURRENT_PROJECT_VERSION = 1;
				DEVELOPMENT_TEAM = YFDRTDAJD5;
				GENERATE_INFOPLIST_FILE = YES;
				MARKETING_VERSION = 1.0;
				PRODUCT_BUNDLE_IDENTIFIER = "syna.tap-fast-Watch-AppTests";
				PRODUCT_NAME = "$(TARGET_NAME)";
				SDKROOT = watchos;
				SWIFT_EMIT_LOC_STRINGS = NO;
				SWIFT_VERSION = 5.0;
				TARGETED_DEVICE_FAMILY = 4;
				TEST_HOST = "$(BUILT_PRODUCTS_DIR)/tap-fast Watch App.app/$(BUNDLE_EXECUTABLE_FOLDER_PATH)/tap-fast Watch App";
				WATCHOS_DEPLOYMENT_TARGET = 11.5;
			};
			name = Debug;
		};
		BE0AE5492DF32D090023894B /* Release */ = {
			isa = XCBuildConfiguration;
			buildSettings = {
				BUNDLE_LOADER = "$(TEST_HOST)";
				CODE_SIGN_STYLE = Automatic;
				CURRENT_PROJECT_VERSION = 1;
				DEVELOPMENT_TEAM = YFDRTDAJD5;
				GENERATE_INFOPLIST_FILE = YES;
				MARKETING_VERSION = 1.0;
				PRODUCT_BUNDLE_IDENTIFIER = "syna.tap-fast-Watch-AppTests";
				PRODUCT_NAME = "$(TARGET_NAME)";
				SDKROOT = watchos;
				SWIFT_EMIT_LOC_STRINGS = NO;
				SWIFT_VERSION = 5.0;
				TARGETED_DEVICE_FAMILY = 4;
				TEST_HOST = "$(BUILT_PRODUCTS_DIR)/tap-fast Watch App.app/$(BUNDLE_EXECUTABLE_FOLDER_PATH)/tap-fast Watch App";
				VALIDATE_PRODUCT = YES;
				WATCHOS_DEPLOYMENT_TARGET = 11.5;
			};
			name = Release;
		};
		BE0AE54B2DF32D090023894B /* Debug */ = {
			isa = XCBuildConfiguration;
			buildSettings = {
				CODE_SIGN_STYLE = Automatic;
				CURRENT_PROJECT_VERSION = 1;
				DEVELOPMENT_TEAM = YFDRTDAJD5;
				GENERATE_INFOPLIST_FILE = YES;
				MARKETING_VERSION = 1.0;
				PRODUCT_BUNDLE_IDENTIFIER = "syna.tap-fast-Watch-AppUITests";
				PRODUCT_NAME = "$(TARGET_NAME)";
				SDKROOT = watchos;
				SWIFT_EMIT_LOC_STRINGS = NO;
				SWIFT_VERSION = 5.0;
				TARGETED_DEVICE_FAMILY = 4;
				TEST_TARGET_NAME = "tap-fast Watch App";
				WATCHOS_DEPLOYMENT_TARGET = 11.5;
			};
			name = Debug;
		};
		BE0AE54C2DF32D090023894B /* Release */ = {
			isa = XCBuildConfiguration;
			buildSettings = {
				CODE_SIGN_STYLE = Automatic;
				CURRENT_PROJECT_VERSION = 1;
				DEVELOPMENT_TEAM = YFDRTDAJD5;
				GENERATE_INFOPLIST_FILE = YES;
				MARKETING_VERSION = 1.0;
				PRODUCT_BUNDLE_IDENTIFIER = "syna.tap-fast-Watch-AppUITests";
				PRODUCT_NAME = "$(TARGET_NAME)";
				SDKROOT = watchos;
				SWIFT_EMIT_LOC_STRINGS = NO;
				SWIFT_VERSION = 5.0;
				TARGETED_DEVICE_FAMILY = 4;
				TEST_TARGET_NAME = "tap-fast Watch App";
				VALIDATE_PRODUCT = YES;
				WATCHOS_DEPLOYMENT_TARGET = 11.5;
			};
			name = Release;
		};
/* End XCBuildConfiguration section */

/* Begin XCConfigurationList section */
		BE0AE5142DF32D070023894B /* Build configuration list for PBXProject "tap-fast" */ = {
			isa = XCConfigurationList;
			buildConfigurations = (
				BE0AE53E2DF32D090023894B /* Debug */,
				BE0AE53F2DF32D090023894B /* Release */,
			);
			defaultConfigurationIsVisible = 0;
			defaultConfigurationName = Release;
		};
		BE0AE5402DF32D090023894B /* Build configuration list for PBXNativeTarget "tap-fast Watch App" */ = {
			isa = XCConfigurationList;
			buildConfigurations = (
				BE0AE5412DF32D090023894B /* Debug */,
				BE0AE5422DF32D090023894B /* Release */,
			);
			defaultConfigurationIsVisible = 0;
			defaultConfigurationName = Release;
		};
		BE0AE5442DF32D090023894B /* Build configuration list for PBXNativeTarget "tap-fast" */ = {
			isa = XCConfigurationList;
			buildConfigurations = (
				BE0AE5452DF32D090023894B /* Debug */,
				BE0AE5462DF32D090023894B /* Release */,
			);
			defaultConfigurationIsVisible = 0;
			defaultConfigurationName = Release;
		};
		BE0AE5472DF32D090023894B /* Build configuration list for PBXNativeTarget "tap-fast Watch AppTests" */ = {
			isa = XCConfigurationList;
			buildConfigurations = (
				BE0AE5482DF32D090023894B /* Debug */,
				BE0AE5492DF32D090023894B /* Release */,
			);
			defaultConfigurationIsVisible = 0;
			defaultConfigurationName = Release;
		};
		BE0AE54A2DF32D090023894B /* Build configuration list for PBXNativeTarget "tap-fast Watch AppUITests" */ = {
			isa = XCConfigurationList;
			buildConfigurations = (
				BE0AE54B2DF32D090023894B /* Debug */,
				BE0AE54C2DF32D090023894B /* Release */,
			);
			defaultConfigurationIsVisible = 0;
			defaultConfigurationName = Release;
		};
/* End XCConfigurationList section */
	};
	rootObject = BE0AE5112DF32D070023894B /* Project object */;
}
